
Microsoft Visual Studio Solution File, Format Version 12.00
# Visual Studio Version 17
VisualStudioVersion = 17.2.32526.322
MinimumVisualStudioVersion = 10.0.40219.1
Project("{8BC9CEB8-8B4A-11D0-8D11-00A0C91BC942}") = "HelloOpenGL", "HelloOpenGL\HelloOpenGL.vcxproj", "{907F667E-8D32-4E25-8F94-AA6E27EC80D8}"
EndProject
Project("{8BC9CEB8-8B4A-11D0-8D11-00A0C91BC942}") = "Triangle", "Triangle\Triangle.vcxproj", "{BA5EA03B-F172-4D32-ADC0-5C733E53090B}"
EndProject
Global
	GlobalSection(SolutionConfigurationPlatforms) = preSolution
		Debug|x64 = Debug|x64
		Debug|x86 = Debug|x86
		Release|x64 = Release|x64
		Release|x86 = Release|x86
	EndGlobalSection
	GlobalSection(ProjectConfigurationPlatforms) = postSolution
		{907F667E-8D32-4E25-8F94-AA6E27EC80D8}.Debug|x64.ActiveCfg = Debug|x64
		{907F667E-8D32-4E25-8F94-AA6E27EC80D8}.Debug|x64.Build.0 = Debug|x64
		{907F667E-8D32-4E25-8F94-AA6E27EC80D8}.Debug|x86.ActiveCfg = Debug|Win32
		{907F667E-8D32-4E25-8F94-AA6E27EC80D8}.Debug|x86.Build.0 = Debug|Win32
		{907F667E-8D32-4E25-8F94-AA6E27EC80D8}.Release|x64.ActiveCfg = Release|x64
		{907F667E-8D32-4E25-8F94-AA6E27EC80D8}.Release|x64.Build.0 = Release|x64
		{907F667E-8D32-4E25-8F94-AA6E27EC80D8}.Release|x86.ActiveCfg = Release|Win32
		{907F667E-8D32-4E25-8F94-AA6E27EC80D8}.Release|x86.Build.0 = Release|Win32
		{BA5EA03B-F172-4D32-ADC0-5C733E53090B}.Debug|x64.ActiveCfg = Debug|x64
		{BA5EA03B-F172-4D32-ADC0-5C733E53090B}.Debug|x64.Build.0 = Debug|x64
		{BA5EA03B-F172-4D32-ADC0-5C733E53090B}.Debug|x86.ActiveCfg = Debug|Win32
		{BA5EA03B-F172-4D32-ADC0-5C733E53090B}.Debug|x86.Build.0 = Debug|Win32
		{BA5EA03B-F172-4D32-ADC0-5C733E53090B}.Release|x64.ActiveCfg = Release|x64
		{BA5EA03B-F172-4D32-ADC0-5C733E53090B}.Release|x64.Build.0 = Release|x64
		{BA5EA03B-F172-4D32-ADC0-5C733E53090B}.Release|x86.ActiveCfg = Release|Win32
		{BA5EA03B-F172-4D32-ADC0-5C733E53090B}.Release|x86.Build.0 = Release|Win32
	EndGlobalSection
	GlobalSection(SolutionProperties) = preSolution
		HideSolutionNode = FALSE
	EndGlobalSection
	GlobalSection(ExtensibilityGlobals) = postSolution
		SolutionGuid = {50D97FB4-1B24-40A9-84AE-96723DF221FC}
	EndGlobalSection
EndGlobal
