
Microsoft Visual Studio Solution File, Format Version 12.00
# Visual Studio Version 17
VisualStudioVersion = 17.2.32526.322
MinimumVisualStudioVersion = 10.0.40219.1
Project("{8BC9CEB8-8B4A-11D0-8D11-00A0C91BC942}") = "01.HelloWindows", "HelloWindows\HelloWindows.vcxproj", "{2B9FFDF2-B1F6-4360-988E-63CAD0F85C7A}"
EndProject
Project("{8BC9CEB8-8B4A-11D0-8D11-00A0C91BC942}") = "02.Shader", "Shader\Shader.vcxproj", "{F00C7C3A-C58C-4586-B2A7-1D3C2EE4E500}"
EndProject
Project("{8BC9CEB8-8B4A-11D0-8D11-00A0C91BC942}") = "03.Texture", "Texture\Texture.vcxproj", "{8AE154BE-9D77-4A16-838F-A0DFA13F84FB}"
EndProject
Project("{8BC9CEB8-8B4A-11D0-8D11-00A0C91BC942}") = "04.Light", "Light\Light.vcxproj", "{7B796197-444A-4F73-98B7-EB64A3C18BFF}"
EndProject
Project("{8BC9CEB8-8B4A-11D0-8D11-00A0C91BC942}") = "Mesh", "Mesh\Mesh.vcxproj", "{3CD0F731-28BE-4E82-8C57-75CA3A060EE5}"
EndProject
Global
	GlobalSection(SolutionConfigurationPlatforms) = preSolution
		Debug|x64 = Debug|x64
		Debug|x86 = Debug|x86
		Release|x64 = Release|x64
		Release|x86 = Release|x86
	EndGlobalSection
	GlobalSection(ProjectConfigurationPlatforms) = postSolution
		{2B9FFDF2-B1F6-4360-988E-63CAD0F85C7A}.Debug|x64.ActiveCfg = Debug|x64
		{2B9FFDF2-B1F6-4360-988E-63CAD0F85C7A}.Debug|x64.Build.0 = Debug|x64
		{2B9FFDF2-B1F6-4360-988E-63CAD0F85C7A}.Debug|x86.ActiveCfg = Debug|Win32
		{2B9FFDF2-B1F6-4360-988E-63CAD0F85C7A}.Debug|x86.Build.0 = Debug|Win32
		{2B9FFDF2-B1F6-4360-988E-63CAD0F85C7A}.Release|x64.ActiveCfg = Release|x64
		{2B9FFDF2-B1F6-4360-988E-63CAD0F85C7A}.Release|x64.Build.0 = Release|x64
		{2B9FFDF2-B1F6-4360-988E-63CAD0F85C7A}.Release|x86.ActiveCfg = Release|Win32
		{2B9FFDF2-B1F6-4360-988E-63CAD0F85C7A}.Release|x86.Build.0 = Release|Win32
		{F00C7C3A-C58C-4586-B2A7-1D3C2EE4E500}.Debug|x64.ActiveCfg = Debug|x64
		{F00C7C3A-C58C-4586-B2A7-1D3C2EE4E500}.Debug|x64.Build.0 = Debug|x64
		{F00C7C3A-C58C-4586-B2A7-1D3C2EE4E500}.Debug|x86.ActiveCfg = Debug|Win32
		{F00C7C3A-C58C-4586-B2A7-1D3C2EE4E500}.Debug|x86.Build.0 = Debug|Win32
		{F00C7C3A-C58C-4586-B2A7-1D3C2EE4E500}.Release|x64.ActiveCfg = Release|x64
		{F00C7C3A-C58C-4586-B2A7-1D3C2EE4E500}.Release|x64.Build.0 = Release|x64
		{F00C7C3A-C58C-4586-B2A7-1D3C2EE4E500}.Release|x86.ActiveCfg = Release|Win32
		{F00C7C3A-C58C-4586-B2A7-1D3C2EE4E500}.Release|x86.Build.0 = Release|Win32
		{8AE154BE-9D77-4A16-838F-A0DFA13F84FB}.Debug|x64.ActiveCfg = Debug|x64
		{8AE154BE-9D77-4A16-838F-A0DFA13F84FB}.Debug|x64.Build.0 = Debug|x64
		{8AE154BE-9D77-4A16-838F-A0DFA13F84FB}.Debug|x86.ActiveCfg = Debug|Win32
		{8AE154BE-9D77-4A16-838F-A0DFA13F84FB}.Debug|x86.Build.0 = Debug|Win32
		{8AE154BE-9D77-4A16-838F-A0DFA13F84FB}.Release|x64.ActiveCfg = Release|x64
		{8AE154BE-9D77-4A16-838F-A0DFA13F84FB}.Release|x64.Build.0 = Release|x64
		{8AE154BE-9D77-4A16-838F-A0DFA13F84FB}.Release|x86.ActiveCfg = Release|Win32
		{8AE154BE-9D77-4A16-838F-A0DFA13F84FB}.Release|x86.Build.0 = Release|Win32
		{7B796197-444A-4F73-98B7-EB64A3C18BFF}.Debug|x64.ActiveCfg = Debug|x64
		{7B796197-444A-4F73-98B7-EB64A3C18BFF}.Debug|x64.Build.0 = Debug|x64
		{7B796197-444A-4F73-98B7-EB64A3C18BFF}.Debug|x86.ActiveCfg = Debug|Win32
		{7B796197-444A-4F73-98B7-EB64A3C18BFF}.Debug|x86.Build.0 = Debug|Win32
		{7B796197-444A-4F73-98B7-EB64A3C18BFF}.Release|x64.ActiveCfg = Release|x64
		{7B796197-444A-4F73-98B7-EB64A3C18BFF}.Release|x64.Build.0 = Release|x64
		{7B796197-444A-4F73-98B7-EB64A3C18BFF}.Release|x86.ActiveCfg = Release|Win32
		{7B796197-444A-4F73-98B7-EB64A3C18BFF}.Release|x86.Build.0 = Release|Win32
		{3CD0F731-28BE-4E82-8C57-75CA3A060EE5}.Debug|x64.ActiveCfg = Debug|x64
		{3CD0F731-28BE-4E82-8C57-75CA3A060EE5}.Debug|x64.Build.0 = Debug|x64
		{3CD0F731-28BE-4E82-8C57-75CA3A060EE5}.Debug|x86.ActiveCfg = Debug|Win32
		{3CD0F731-28BE-4E82-8C57-75CA3A060EE5}.Debug|x86.Build.0 = Debug|Win32
		{3CD0F731-28BE-4E82-8C57-75CA3A060EE5}.Release|x64.ActiveCfg = Release|x64
		{3CD0F731-28BE-4E82-8C57-75CA3A060EE5}.Release|x64.Build.0 = Release|x64
		{3CD0F731-28BE-4E82-8C57-75CA3A060EE5}.Release|x86.ActiveCfg = Release|Win32
		{3CD0F731-28BE-4E82-8C57-75CA3A060EE5}.Release|x86.Build.0 = Release|Win32
	EndGlobalSection
	GlobalSection(SolutionProperties) = preSolution
		HideSolutionNode = FALSE
	EndGlobalSection
	GlobalSection(ExtensibilityGlobals) = postSolution
		SolutionGuid = {209F9506-734A-4C8F-AEA0-D5DE61DB3A8A}
	EndGlobalSection
EndGlobal
